# This file is automatically @generated by Cargo.
# It is not intended for manual editing.
version = 4

[[package]]
name = "kleio-core"
version = "0.1.0"
dependencies = [
 "kleio-crypto",
 "kleio-git",
 "kleio-store",
]

[[package]]
name = "kleio-crypto"
version = "0.1.0"

[[package]]
name = "kleio-git"
version = "0.1.0"
dependencies = [
 "kleio-crypto",
]

[[package]]
name = "kleio-store"
version = "0.1.0"
